
Microsoft Visual Studio Solution File, Format Version 12.00
Project("{FAE04EC0-301F-11D3-BF4B-00C04F79EFBC}") = "FarmsManager.Api", "FarmsManager.Api\FarmsManager.Api.csproj", "{8A6A29C4-2913-4154-B21D-0424B3C8E159}"
EndProject
Project("{FAE04EC0-301F-11D3-BF4B-00C04F79EFBC}") = "FarmsManager.Application", "FarmsManager.Application\FarmsManager.Application.csproj", "{ECA1D2DB-A6BF-4AC9-A956-B3F9A588FB34}"
EndProject
Project("{FAE04EC0-301F-11D3-BF4B-00C04F79EFBC}") = "FarmsManager.Domain", "FarmsManager.Domain\FarmsManager.Domain.csproj", "{9E821285-921C-4318-BFAC-7385B11588E2}"
EndProject
Project("{FAE04EC0-301F-11D3-BF4B-00C04F79EFBC}") = "FarmsManager.Infrastructure", "FarmsManager.Infrastructure\FarmsManager.Infrastructure.csproj", "{EAD88743-261C-4FE1-A068-49FA0B59198D}"
EndProject
Project("{FAE04EC0-301F-11D3-BF4B-00C04F79EFBC}") = "FarmsManager.HostBuilder", "FarmsManager.HostBuilder\FarmsManager.HostBuilder.csproj", "{42E441AD-C725-4B3E-AF4C-1ADDBACE92ED}"
EndProject
Project("{FAE04EC0-301F-11D3-BF4B-00C04F79EFBC}") = "FarmsManager.Shared", "FarmsManager.Shared\FarmsManager.Shared.csproj", "{A372B414-EFA7-4232-ACF8-E4477DC526EE}"
EndProject
Global
	GlobalSection(SolutionConfigurationPlatforms) = preSolution
		Debug|Any CPU = Debug|Any CPU
		Release|Any CPU = Release|Any CPU
	EndGlobalSection
	GlobalSection(ProjectConfigurationPlatforms) = postSolution
		{8A6A29C4-2913-4154-B21D-0424B3C8E159}.Debug|Any CPU.ActiveCfg = Debug|Any CPU
		{8A6A29C4-2913-4154-B21D-0424B3C8E159}.Debug|Any CPU.Build.0 = Debug|Any CPU
		{8A6A29C4-2913-4154-B21D-0424B3C8E159}.Release|Any CPU.ActiveCfg = Release|Any CPU
		{8A6A29C4-2913-4154-B21D-0424B3C8E159}.Release|Any CPU.Build.0 = Release|Any CPU
		{ECA1D2DB-A6BF-4AC9-A956-B3F9A588FB34}.Debug|Any CPU.ActiveCfg = Debug|Any CPU
		{ECA1D2DB-A6BF-4AC9-A956-B3F9A588FB34}.Debug|Any CPU.Build.0 = Debug|Any CPU
		{ECA1D2DB-A6BF-4AC9-A956-B3F9A588FB34}.Release|Any CPU.ActiveCfg = Release|Any CPU
		{ECA1D2DB-A6BF-4AC9-A956-B3F9A588FB34}.Release|Any CPU.Build.0 = Release|Any CPU
		{9E821285-921C-4318-BFAC-7385B11588E2}.Debug|Any CPU.ActiveCfg = Debug|Any CPU
		{9E821285-921C-4318-BFAC-7385B11588E2}.Debug|Any CPU.Build.0 = Debug|Any CPU
		{9E821285-921C-4318-BFAC-7385B11588E2}.Release|Any CPU.ActiveCfg = Release|Any CPU
		{9E821285-921C-4318-BFAC-7385B11588E2}.Release|Any CPU.Build.0 = Release|Any CPU
		{EAD88743-261C-4FE1-A068-49FA0B59198D}.Debug|Any CPU.ActiveCfg = Debug|Any CPU
		{EAD88743-261C-4FE1-A068-49FA0B59198D}.Debug|Any CPU.Build.0 = Debug|Any CPU
		{EAD88743-261C-4FE1-A068-49FA0B59198D}.Release|Any CPU.ActiveCfg = Release|Any CPU
		{EAD88743-261C-4FE1-A068-49FA0B59198D}.Release|Any CPU.Build.0 = Release|Any CPU
		{42E441AD-C725-4B3E-AF4C-1ADDBACE92ED}.Debug|Any CPU.ActiveCfg = Debug|Any CPU
		{42E441AD-C725-4B3E-AF4C-1ADDBACE92ED}.Debug|Any CPU.Build.0 = Debug|Any CPU
		{42E441AD-C725-4B3E-AF4C-1ADDBACE92ED}.Release|Any CPU.ActiveCfg = Release|Any CPU
		{42E441AD-C725-4B3E-AF4C-1ADDBACE92ED}.Release|Any CPU.Build.0 = Release|Any CPU
		{A372B414-EFA7-4232-ACF8-E4477DC526EE}.Debug|Any CPU.ActiveCfg = Debug|Any CPU
		{A372B414-EFA7-4232-ACF8-E4477DC526EE}.Debug|Any CPU.Build.0 = Debug|Any CPU
		{A372B414-EFA7-4232-ACF8-E4477DC526EE}.Release|Any CPU.ActiveCfg = Release|Any CPU
		{A372B414-EFA7-4232-ACF8-E4477DC526EE}.Release|Any CPU.Build.0 = Release|Any CPU
	EndGlobalSection
EndGlobal
